
Microsoft Visual Studio Solution File, Format Version 12.00
# Visual Studio Version 17
VisualStudioVersion = 17.9.34728.123
MinimumVisualStudioVersion = 10.0.40219.1
Project("{9A19103F-16F7-4668-BE54-9A1E7A4F7556}") = "API", "API\API.csproj", "{FC7B9FC0-E3F2-435D-9CF3-B5CC5977AF82}"
EndProject
Project("{9A19103F-16F7-4668-BE54-9A1E7A4F7556}") = "Application", "Application\Application.csproj", "{BE0FC353-64C5-4762-946C-E8F711D641F7}"
EndProject
Project("{9A19103F-16F7-4668-BE54-9A1E7A4F7556}") = "Domain", "Domain\Domain.csproj", "{C3DF52A8-D0C3-4BA4-B528-91D0049A334D}"
EndProject
Project("{9A19103F-16F7-4668-BE54-9A1E7A4F7556}") = "Persistence", "Persistence\Persistence.csproj", "{91CE594E-93DB-40E4-9B9D-6B5685377421}"
EndProject
Global
	GlobalSection(SolutionConfigurationPlatforms) = preSolution
		Debug|Any CPU = Debug|Any CPU
		Release|Any CPU = Release|Any CPU
	EndGlobalSection
	GlobalSection(ProjectConfigurationPlatforms) = postSolution
		{FC7B9FC0-E3F2-435D-9CF3-B5CC5977AF82}.Debug|Any CPU.ActiveCfg = Debug|Any CPU
		{FC7B9FC0-E3F2-435D-9CF3-B5CC5977AF82}.Debug|Any CPU.Build.0 = Debug|Any CPU
		{FC7B9FC0-E3F2-435D-9CF3-B5CC5977AF82}.Release|Any CPU.ActiveCfg = Release|Any CPU
		{FC7B9FC0-E3F2-435D-9CF3-B5CC5977AF82}.Release|Any CPU.Build.0 = Release|Any CPU
		{BE0FC353-64C5-4762-946C-E8F711D641F7}.Debug|Any CPU.ActiveCfg = Debug|Any CPU
		{BE0FC353-64C5-4762-946C-E8F711D641F7}.Debug|Any CPU.Build.0 = Debug|Any CPU
		{BE0FC353-64C5-4762-946C-E8F711D641F7}.Release|Any CPU.ActiveCfg = Release|Any CPU
		{BE0FC353-64C5-4762-946C-E8F711D641F7}.Release|Any CPU.Build.0 = Release|Any CPU
		{C3DF52A8-D0C3-4BA4-B528-91D0049A334D}.Debug|Any CPU.ActiveCfg = Debug|Any CPU
		{C3DF52A8-D0C3-4BA4-B528-91D0049A334D}.Debug|Any CPU.Build.0 = Debug|Any CPU
		{C3DF52A8-D0C3-4BA4-B528-91D0049A334D}.Release|Any CPU.ActiveCfg = Release|Any CPU
		{C3DF52A8-D0C3-4BA4-B528-91D0049A334D}.Release|Any CPU.Build.0 = Release|Any CPU
		{91CE594E-93DB-40E4-9B9D-6B5685377421}.Debug|Any CPU.ActiveCfg = Debug|Any CPU
		{91CE594E-93DB-40E4-9B9D-6B5685377421}.Debug|Any CPU.Build.0 = Debug|Any CPU
		{91CE594E-93DB-40E4-9B9D-6B5685377421}.Release|Any CPU.ActiveCfg = Release|Any CPU
		{91CE594E-93DB-40E4-9B9D-6B5685377421}.Release|Any CPU.Build.0 = Release|Any CPU
	EndGlobalSection
	GlobalSection(SolutionProperties) = preSolution
		HideSolutionNode = FALSE
	EndGlobalSection
	GlobalSection(ExtensibilityGlobals) = postSolution
		SolutionGuid = {830556E2-5686-4A57-93F6-2D91F3055CE6}
	EndGlobalSection
EndGlobal
